
Microsoft Visual Studio Solution File, Format Version 12.00
# Visual Studio Version 16
VisualStudioVersion = 16.0.29728.190
MinimumVisualStudioVersion = 10.0.40219.1
Project("{8BC9CEB8-8B4A-11D0-8D11-00A0C91BC942}") = "plusOne", "plusOne.vcxproj", "{5B662B53-6CA5-45B9-BEC3-BB1D55BE5BE4}"
EndProject
Global
	GlobalSection(SolutionConfigurationPlatforms) = preSolution
		Debug|x64 = Debug|x64
		Debug|x86 = Debug|x86
		Release|x64 = Release|x64
		Release|x86 = Release|x86
	EndGlobalSection
	GlobalSection(ProjectConfigurationPlatforms) = postSolution
		{5B662B53-6CA5-45B9-BEC3-BB1D55BE5BE4}.Debug|x64.ActiveCfg = Debug|x64
		{5B662B53-6CA5-45B9-BEC3-BB1D55BE5BE4}.Debug|x64.Build.0 = Debug|x64
		{5B662B53-6CA5-45B9-BEC3-BB1D55BE5BE4}.Debug|x86.ActiveCfg = Debug|Win32
		{5B662B53-6CA5-45B9-BEC3-BB1D55BE5BE4}.Debug|x86.Build.0 = Debug|Win32
		{5B662B53-6CA5-45B9-BEC3-BB1D55BE5BE4}.Release|x64.ActiveCfg = Release|x64
		{5B662B53-6CA5-45B9-BEC3-BB1D55BE5BE4}.Release|x64.Build.0 = Release|x64
		{5B662B53-6CA5-45B9-BEC3-BB1D55BE5BE4}.Release|x86.ActiveCfg = Release|Win32
		{5B662B53-6CA5-45B9-BEC3-BB1D55BE5BE4}.Release|x86.Build.0 = Release|Win32
	EndGlobalSection
	GlobalSection(SolutionProperties) = preSolution
		HideSolutionNode = FALSE
	EndGlobalSection
	GlobalSection(ExtensibilityGlobals) = postSolution
		SolutionGuid = {979F2001-6C9C-4C49-B702-4E19BB20BD10}
	EndGlobalSection
EndGlobal
