
Microsoft Visual Studio Solution File, Format Version 12.00
# Visual Studio Version 16
VisualStudioVersion = 16.0.29728.190
MinimumVisualStudioVersion = 10.0.40219.1
Project("{8BC9CEB8-8B4A-11D0-8D11-00A0C91BC942}") = "stockMarket", "stockMarket.vcxproj", "{52D2AB94-F199-4444-9838-E9CB8222560E}"
EndProject
Global
	GlobalSection(SolutionConfigurationPlatforms) = preSolution
		Debug|x64 = Debug|x64
		Debug|x86 = Debug|x86
		Release|x64 = Release|x64
		Release|x86 = Release|x86
	EndGlobalSection
	GlobalSection(ProjectConfigurationPlatforms) = postSolution
		{52D2AB94-F199-4444-9838-E9CB8222560E}.Debug|x64.ActiveCfg = Debug|x64
		{52D2AB94-F199-4444-9838-E9CB8222560E}.Debug|x64.Build.0 = Debug|x64
		{52D2AB94-F199-4444-9838-E9CB8222560E}.Debug|x86.ActiveCfg = Debug|Win32
		{52D2AB94-F199-4444-9838-E9CB8222560E}.Debug|x86.Build.0 = Debug|Win32
		{52D2AB94-F199-4444-9838-E9CB8222560E}.Release|x64.ActiveCfg = Release|x64
		{52D2AB94-F199-4444-9838-E9CB8222560E}.Release|x64.Build.0 = Release|x64
		{52D2AB94-F199-4444-9838-E9CB8222560E}.Release|x86.ActiveCfg = Release|Win32
		{52D2AB94-F199-4444-9838-E9CB8222560E}.Release|x86.Build.0 = Release|Win32
	EndGlobalSection
	GlobalSection(SolutionProperties) = preSolution
		HideSolutionNode = FALSE
	EndGlobalSection
	GlobalSection(ExtensibilityGlobals) = postSolution
		SolutionGuid = {092CE665-E069-4658-A66F-0AD52039D472}
	EndGlobalSection
EndGlobal
