
Microsoft Visual Studio Solution File, Format Version 12.00
# Visual Studio Version 16
VisualStudioVersion = 16.0.29806.167
MinimumVisualStudioVersion = 10.0.40219.1
Project("{8BC9CEB8-8B4A-11D0-8D11-00A0C91BC942}") = "missingLetters", "missingLetters.vcxproj", "{2F3665E5-7D26-445D-B02F-D420444FB4EB}"
EndProject
Global
	GlobalSection(SolutionConfigurationPlatforms) = preSolution
		Debug|x64 = Debug|x64
		Debug|x86 = Debug|x86
		Release|x64 = Release|x64
		Release|x86 = Release|x86
	EndGlobalSection
	GlobalSection(ProjectConfigurationPlatforms) = postSolution
		{2F3665E5-7D26-445D-B02F-D420444FB4EB}.Debug|x64.ActiveCfg = Debug|x64
		{2F3665E5-7D26-445D-B02F-D420444FB4EB}.Debug|x64.Build.0 = Debug|x64
		{2F3665E5-7D26-445D-B02F-D420444FB4EB}.Debug|x86.ActiveCfg = Debug|Win32
		{2F3665E5-7D26-445D-B02F-D420444FB4EB}.Debug|x86.Build.0 = Debug|Win32
		{2F3665E5-7D26-445D-B02F-D420444FB4EB}.Release|x64.ActiveCfg = Release|x64
		{2F3665E5-7D26-445D-B02F-D420444FB4EB}.Release|x64.Build.0 = Release|x64
		{2F3665E5-7D26-445D-B02F-D420444FB4EB}.Release|x86.ActiveCfg = Release|Win32
		{2F3665E5-7D26-445D-B02F-D420444FB4EB}.Release|x86.Build.0 = Release|Win32
	EndGlobalSection
	GlobalSection(SolutionProperties) = preSolution
		HideSolutionNode = FALSE
	EndGlobalSection
	GlobalSection(ExtensibilityGlobals) = postSolution
		SolutionGuid = {607BA485-D6DA-4891-82F4-1A7575C6376D}
	EndGlobalSection
EndGlobal
