
Microsoft Visual Studio Solution File, Format Version 12.00
# Visual Studio Version 16
VisualStudioVersion = 16.0.29806.167
MinimumVisualStudioVersion = 10.0.40219.1
Project("{8BC9CEB8-8B4A-11D0-8D11-00A0C91BC942}") = "mergeSortedArrays", "mergeSortedArrays.vcxproj", "{3C46C40B-F58C-4681-B1ED-C4DDD036E385}"
EndProject
Global
	GlobalSection(SolutionConfigurationPlatforms) = preSolution
		Debug|x64 = Debug|x64
		Debug|x86 = Debug|x86
		Release|x64 = Release|x64
		Release|x86 = Release|x86
	EndGlobalSection
	GlobalSection(ProjectConfigurationPlatforms) = postSolution
		{3C46C40B-F58C-4681-B1ED-C4DDD036E385}.Debug|x64.ActiveCfg = Debug|x64
		{3C46C40B-F58C-4681-B1ED-C4DDD036E385}.Debug|x64.Build.0 = Debug|x64
		{3C46C40B-F58C-4681-B1ED-C4DDD036E385}.Debug|x86.ActiveCfg = Debug|Win32
		{3C46C40B-F58C-4681-B1ED-C4DDD036E385}.Debug|x86.Build.0 = Debug|Win32
		{3C46C40B-F58C-4681-B1ED-C4DDD036E385}.Release|x64.ActiveCfg = Release|x64
		{3C46C40B-F58C-4681-B1ED-C4DDD036E385}.Release|x64.Build.0 = Release|x64
		{3C46C40B-F58C-4681-B1ED-C4DDD036E385}.Release|x86.ActiveCfg = Release|Win32
		{3C46C40B-F58C-4681-B1ED-C4DDD036E385}.Release|x86.Build.0 = Release|Win32
	EndGlobalSection
	GlobalSection(SolutionProperties) = preSolution
		HideSolutionNode = FALSE
	EndGlobalSection
	GlobalSection(ExtensibilityGlobals) = postSolution
		SolutionGuid = {5F5C808E-AD88-439F-A977-D1933FA67226}
	EndGlobalSection
EndGlobal
