
Microsoft Visual Studio Solution File, Format Version 12.00
# Visual Studio Version 16
VisualStudioVersion = 16.0.29806.167
MinimumVisualStudioVersion = 10.0.40219.1
Project("{8BC9CEB8-8B4A-11D0-8D11-00A0C91BC942}") = "insertionSort", "insertionSort.vcxproj", "{4EC809A5-FD53-4C9E-A912-1B25CF493A1F}"
EndProject
Global
	GlobalSection(SolutionConfigurationPlatforms) = preSolution
		Debug|x64 = Debug|x64
		Debug|x86 = Debug|x86
		Release|x64 = Release|x64
		Release|x86 = Release|x86
	EndGlobalSection
	GlobalSection(ProjectConfigurationPlatforms) = postSolution
		{4EC809A5-FD53-4C9E-A912-1B25CF493A1F}.Debug|x64.ActiveCfg = Debug|x64
		{4EC809A5-FD53-4C9E-A912-1B25CF493A1F}.Debug|x64.Build.0 = Debug|x64
		{4EC809A5-FD53-4C9E-A912-1B25CF493A1F}.Debug|x86.ActiveCfg = Debug|Win32
		{4EC809A5-FD53-4C9E-A912-1B25CF493A1F}.Debug|x86.Build.0 = Debug|Win32
		{4EC809A5-FD53-4C9E-A912-1B25CF493A1F}.Release|x64.ActiveCfg = Release|x64
		{4EC809A5-FD53-4C9E-A912-1B25CF493A1F}.Release|x64.Build.0 = Release|x64
		{4EC809A5-FD53-4C9E-A912-1B25CF493A1F}.Release|x86.ActiveCfg = Release|Win32
		{4EC809A5-FD53-4C9E-A912-1B25CF493A1F}.Release|x86.Build.0 = Release|Win32
	EndGlobalSection
	GlobalSection(SolutionProperties) = preSolution
		HideSolutionNode = FALSE
	EndGlobalSection
	GlobalSection(ExtensibilityGlobals) = postSolution
		SolutionGuid = {C100BFBF-6715-4A41-9C56-8D9AC1FB40AD}
	EndGlobalSection
EndGlobal
